
Microsoft Visual Studio Solution File, Format Version 12.00
# Visual Studio 15
VisualStudioVersion = 15.0.28307.489
MinimumVisualStudioVersion = 10.0.40219.1
Project("{FAE04EC0-301F-11D3-BF4B-00C04F79EFBC}") = "FilmTavsiyeVeDegerlendirmeSistemi", "WebApplication5\FilmTavsiyeVeDegerlendirmeSistemi.csproj", "{802454D6-06F7-4384-A94A-9B0133FC5244}"
EndProject
Global
	GlobalSection(SolutionConfigurationPlatforms) = preSolution
		Debug|Any CPU = Debug|Any CPU
		Release|Any CPU = Release|Any CPU
	EndGlobalSection
	GlobalSection(ProjectConfigurationPlatforms) = postSolution
		{802454D6-06F7-4384-A94A-9B0133FC5244}.Debug|Any CPU.ActiveCfg = Debug|Any CPU
		{802454D6-06F7-4384-A94A-9B0133FC5244}.Debug|Any CPU.Build.0 = Debug|Any CPU
		{802454D6-06F7-4384-A94A-9B0133FC5244}.Release|Any CPU.ActiveCfg = Release|Any CPU
		{802454D6-06F7-4384-A94A-9B0133FC5244}.Release|Any CPU.Build.0 = Release|Any CPU
	EndGlobalSection
	GlobalSection(SolutionProperties) = preSolution
		HideSolutionNode = FALSE
	EndGlobalSection
	GlobalSection(ExtensibilityGlobals) = postSolution
		SolutionGuid = {98A441CD-7EE3-4CF7-9705-62B4A20F2948}
	EndGlobalSection
EndGlobal
